
Microsoft Visual Studio Solution File, Format Version 12.00
# Visual Studio Version 16
VisualStudioVersion = 16.0.30114.105
MinimumVisualStudioVersion = 10.0.40219.1
Project("{FAE04EC0-301F-11D3-BF4B-00C04F79EFBC}") = "API", "API\API.csproj", "{22ABC9A4-AD04-4160-A9E0-23F43EE9CEB0}"
EndProject
Project("{FAE04EC0-301F-11D3-BF4B-00C04F79EFBC}") = "Application", "Application\Application.csproj", "{C76883B3-8810-49D4-990E-D965F8D0EE29}"
EndProject
Project("{FAE04EC0-301F-11D3-BF4B-00C04F79EFBC}") = "Persistence", "Persistence\Persistence.csproj", "{58AB1D90-85FC-4101-9157-774D76A88063}"
EndProject
Project("{FAE04EC0-301F-11D3-BF4B-00C04F79EFBC}") = "Domain", "Domain\Domain.csproj", "{B868F5D8-E4DD-4AB2-B82C-52C1B1CB6F38}"
EndProject
Global
	GlobalSection(SolutionConfigurationPlatforms) = preSolution
		Debug|Any CPU = Debug|Any CPU
		Debug|x64 = Debug|x64
		Debug|x86 = Debug|x86
		Release|Any CPU = Release|Any CPU
		Release|x64 = Release|x64
		Release|x86 = Release|x86
	EndGlobalSection
	GlobalSection(SolutionProperties) = preSolution
		HideSolutionNode = FALSE
	EndGlobalSection
	GlobalSection(ProjectConfigurationPlatforms) = postSolution
		{22ABC9A4-AD04-4160-A9E0-23F43EE9CEB0}.Debug|Any CPU.ActiveCfg = Debug|Any CPU
		{22ABC9A4-AD04-4160-A9E0-23F43EE9CEB0}.Debug|Any CPU.Build.0 = Debug|Any CPU
		{22ABC9A4-AD04-4160-A9E0-23F43EE9CEB0}.Debug|x64.ActiveCfg = Debug|Any CPU
		{22ABC9A4-AD04-4160-A9E0-23F43EE9CEB0}.Debug|x64.Build.0 = Debug|Any CPU
		{22ABC9A4-AD04-4160-A9E0-23F43EE9CEB0}.Debug|x86.ActiveCfg = Debug|Any CPU
		{22ABC9A4-AD04-4160-A9E0-23F43EE9CEB0}.Debug|x86.Build.0 = Debug|Any CPU
		{22ABC9A4-AD04-4160-A9E0-23F43EE9CEB0}.Release|Any CPU.ActiveCfg = Release|Any CPU
		{22ABC9A4-AD04-4160-A9E0-23F43EE9CEB0}.Release|Any CPU.Build.0 = Release|Any CPU
		{22ABC9A4-AD04-4160-A9E0-23F43EE9CEB0}.Release|x64.ActiveCfg = Release|Any CPU
		{22ABC9A4-AD04-4160-A9E0-23F43EE9CEB0}.Release|x64.Build.0 = Release|Any CPU
		{22ABC9A4-AD04-4160-A9E0-23F43EE9CEB0}.Release|x86.ActiveCfg = Release|Any CPU
		{22ABC9A4-AD04-4160-A9E0-23F43EE9CEB0}.Release|x86.Build.0 = Release|Any CPU
		{C76883B3-8810-49D4-990E-D965F8D0EE29}.Debug|Any CPU.ActiveCfg = Debug|Any CPU
		{C76883B3-8810-49D4-990E-D965F8D0EE29}.Debug|Any CPU.Build.0 = Debug|Any CPU
		{C76883B3-8810-49D4-990E-D965F8D0EE29}.Debug|x64.ActiveCfg = Debug|Any CPU
		{C76883B3-8810-49D4-990E-D965F8D0EE29}.Debug|x64.Build.0 = Debug|Any CPU
		{C76883B3-8810-49D4-990E-D965F8D0EE29}.Debug|x86.ActiveCfg = Debug|Any CPU
		{C76883B3-8810-49D4-990E-D965F8D0EE29}.Debug|x86.Build.0 = Debug|Any CPU
		{C76883B3-8810-49D4-990E-D965F8D0EE29}.Release|Any CPU.ActiveCfg = Release|Any CPU
		{C76883B3-8810-49D4-990E-D965F8D0EE29}.Release|Any CPU.Build.0 = Release|Any CPU
		{C76883B3-8810-49D4-990E-D965F8D0EE29}.Release|x64.ActiveCfg = Release|Any CPU
		{C76883B3-8810-49D4-990E-D965F8D0EE29}.Release|x64.Build.0 = Release|Any CPU
		{C76883B3-8810-49D4-990E-D965F8D0EE29}.Release|x86.ActiveCfg = Release|Any CPU
		{C76883B3-8810-49D4-990E-D965F8D0EE29}.Release|x86.Build.0 = Release|Any CPU
		{58AB1D90-85FC-4101-9157-774D76A88063}.Debug|Any CPU.ActiveCfg = Debug|Any CPU
		{58AB1D90-85FC-4101-9157-774D76A88063}.Debug|Any CPU.Build.0 = Debug|Any CPU
		{58AB1D90-85FC-4101-9157-774D76A88063}.Debug|x64.ActiveCfg = Debug|Any CPU
		{58AB1D90-85FC-4101-9157-774D76A88063}.Debug|x64.Build.0 = Debug|Any CPU
		{58AB1D90-85FC-4101-9157-774D76A88063}.Debug|x86.ActiveCfg = Debug|Any CPU
		{58AB1D90-85FC-4101-9157-774D76A88063}.Debug|x86.Build.0 = Debug|Any CPU
		{58AB1D90-85FC-4101-9157-774D76A88063}.Release|Any CPU.ActiveCfg = Release|Any CPU
		{58AB1D90-85FC-4101-9157-774D76A88063}.Release|Any CPU.Build.0 = Release|Any CPU
		{58AB1D90-85FC-4101-9157-774D76A88063}.Release|x64.ActiveCfg = Release|Any CPU
		{58AB1D90-85FC-4101-9157-774D76A88063}.Release|x64.Build.0 = Release|Any CPU
		{58AB1D90-85FC-4101-9157-774D76A88063}.Release|x86.ActiveCfg = Release|Any CPU
		{58AB1D90-85FC-4101-9157-774D76A88063}.Release|x86.Build.0 = Release|Any CPU
		{B868F5D8-E4DD-4AB2-B82C-52C1B1CB6F38}.Debug|Any CPU.ActiveCfg = Debug|Any CPU
		{B868F5D8-E4DD-4AB2-B82C-52C1B1CB6F38}.Debug|Any CPU.Build.0 = Debug|Any CPU
		{B868F5D8-E4DD-4AB2-B82C-52C1B1CB6F38}.Debug|x64.ActiveCfg = Debug|Any CPU
		{B868F5D8-E4DD-4AB2-B82C-52C1B1CB6F38}.Debug|x64.Build.0 = Debug|Any CPU
		{B868F5D8-E4DD-4AB2-B82C-52C1B1CB6F38}.Debug|x86.ActiveCfg = Debug|Any CPU
		{B868F5D8-E4DD-4AB2-B82C-52C1B1CB6F38}.Debug|x86.Build.0 = Debug|Any CPU
		{B868F5D8-E4DD-4AB2-B82C-52C1B1CB6F38}.Release|Any CPU.ActiveCfg = Release|Any CPU
		{B868F5D8-E4DD-4AB2-B82C-52C1B1CB6F38}.Release|Any CPU.Build.0 = Release|Any CPU
		{B868F5D8-E4DD-4AB2-B82C-52C1B1CB6F38}.Release|x64.ActiveCfg = Release|Any CPU
		{B868F5D8-E4DD-4AB2-B82C-52C1B1CB6F38}.Release|x64.Build.0 = Release|Any CPU
		{B868F5D8-E4DD-4AB2-B82C-52C1B1CB6F38}.Release|x86.ActiveCfg = Release|Any CPU
		{B868F5D8-E4DD-4AB2-B82C-52C1B1CB6F38}.Release|x86.Build.0 = Release|Any CPU
	EndGlobalSection
EndGlobal
